// !$*UTF8*$!
{
	archiveVersion = 1;
	classes = {
	};
	objectVersion = 56;
	objects = {

/* Begin PBXBuildFile section */
		390497B12974948300FD3D7A /* RMGetAllCharactersResponse.swift in Sources */ = {isa = PBXBuildFile; fileRef = 390497B02974948300FD3D7A /* RMGetAllCharactersResponse.swift */; };
		390CC96C2996B5D500492350 /* RMCharacterDetailViewController.swift in Sources */ = {isa = PBXBuildFile; fileRef = 390CC96B2996B5D500492350 /* RMCharacterDetailViewController.swift */; };
		390CC96E2996B6C400492350 /* RMCharacterDetailView.swift in Sources */ = {isa = PBXBuildFile; fileRef = 390CC96D2996B6C400492350 /* RMCharacterDetailView.swift */; };
		390CC9702996B6E500492350 /* RMCharacterDetailViewModel.swift in Sources */ = {isa = PBXBuildFile; fileRef = 390CC96F2996B6E500492350 /* RMCharacterDetailViewModel.swift */; };
		3914E4542996DBD900950846 /* RMFooterLoadingCollectionReusableView.swift in Sources */ = {isa = PBXBuildFile; fileRef = 3914E4532996DBD900950846 /* RMFooterLoadingCollectionReusableView.swift */; };
		3914E4562997014200950846 /* RMImageLoader.swift in Sources */ = {isa = PBXBuildFile; fileRef = 3914E4552997014200950846 /* RMImageLoader.swift */; };
		392CCA0629A2519C0036B7D9 /* RMSearchViewController.swift in Sources */ = {isa = PBXBuildFile; fileRef = 392CCA0529A2519C0036B7D9 /* RMSearchViewController.swift */; };
		392CCA0829A294B20036B7D9 /* RMEpisodeInfoCollectionViewCell.swift in Sources */ = {isa = PBXBuildFile; fileRef = 392CCA0729A294B20036B7D9 /* RMEpisodeInfoCollectionViewCell.swift */; };
		392CCA0A29A294DC0036B7D9 /* RMEpisodeInfoCollectionViewCellViewModel.swift in Sources */ = {isa = PBXBuildFile; fileRef = 392CCA0929A294DC0036B7D9 /* RMEpisodeInfoCollectionViewCellViewModel.swift */; };
		393EFC5A29A3E05300704661 /* RMCharacterMiniatureCollectionViewCell.swift in Sources */ = {isa = PBXBuildFile; fileRef = 393EFC5929A3E05300704661 /* RMCharacterMiniatureCollectionViewCell.swift */; };
		394898C3297D70C6004956F8 /* RMCharacterCollectionViewCell.swift in Sources */ = {isa = PBXBuildFile; fileRef = 394898C2297D70C6004956F8 /* RMCharacterCollectionViewCell.swift */; };
		394898C5297D7236004956F8 /* RMCharacterCollectionViewCellViewModel.swift in Sources */ = {isa = PBXBuildFile; fileRef = 394898C4297D7236004956F8 /* RMCharacterCollectionViewCellViewModel.swift */; };
		398E21C929A0F25300E365C8 /* RMEpisodeListView.swift in Sources */ = {isa = PBXBuildFile; fileRef = 398E21C829A0F25300E365C8 /* RMEpisodeListView.swift */; };
		398E21CC29A1013B00E365C8 /* RMEpisodeListViewViewModel.swift in Sources */ = {isa = PBXBuildFile; fileRef = 398E21CB29A1013B00E365C8 /* RMEpisodeListViewViewModel.swift */; };
		398E21CE29A1175C00E365C8 /* RMGetAllEpisodesResponse.swift in Sources */ = {isa = PBXBuildFile; fileRef = 398E21CD29A1175C00E365C8 /* RMGetAllEpisodesResponse.swift */; };
		399D2953299A77C8005F0158 /* RMCharacterPhotoCollectionViewCell.swift in Sources */ = {isa = PBXBuildFile; fileRef = 399D2952299A77C8005F0158 /* RMCharacterPhotoCollectionViewCell.swift */; };
		399D2955299A77D8005F0158 /* RMCharacterInfoCollectionViewCell.swift in Sources */ = {isa = PBXBuildFile; fileRef = 399D2954299A77D8005F0158 /* RMCharacterInfoCollectionViewCell.swift */; };
		399D2957299A77EC005F0158 /* RMCharacterEpisodeCollectionViewCell.swift in Sources */ = {isa = PBXBuildFile; fileRef = 399D2956299A77EC005F0158 /* RMCharacterEpisodeCollectionViewCell.swift */; };
		399D295B299A78A3005F0158 /* RMCharacterPhotoCollectionViewCellViewModel.swift in Sources */ = {isa = PBXBuildFile; fileRef = 399D295A299A78A3005F0158 /* RMCharacterPhotoCollectionViewCellViewModel.swift */; };
		399D295D299A78BA005F0158 /* RMCharacterInfoCollectionViewCellViewModel.swift in Sources */ = {isa = PBXBuildFile; fileRef = 399D295C299A78BA005F0158 /* RMCharacterInfoCollectionViewCellViewModel.swift */; };
		399D295F299A78C5005F0158 /* RMCharacterEpisodeCollectionViewCellViewModel.swift in Sources */ = {isa = PBXBuildFile; fileRef = 399D295E299A78C5005F0158 /* RMCharacterEpisodeCollectionViewCellViewModel.swift */; };
		39B1690629AE439D00214BDF /* RMSettingsViewViewModel.swift in Sources */ = {isa = PBXBuildFile; fileRef = 39B1690529AE439D00214BDF /* RMSettingsViewViewModel.swift */; };
		39B1690829AE440700214BDF /* RMSettingsCellViewModel.swift in Sources */ = {isa = PBXBuildFile; fileRef = 39B1690729AE440700214BDF /* RMSettingsCellViewModel.swift */; };
		39B1690A29AE44B800214BDF /* RMSettingsOption.swift in Sources */ = {isa = PBXBuildFile; fileRef = 39B1690929AE44B800214BDF /* RMSettingsOption.swift */; };
		39B1690D29AE542700214BDF /* RMSettingsView.swift in Sources */ = {isa = PBXBuildFile; fileRef = 39B1690C29AE542700214BDF /* RMSettingsView.swift */; };
		39B658A8297055A800A86FCB /* AppDelegate.swift in Sources */ = {isa = PBXBuildFile; fileRef = 39B658A7297055A800A86FCB /* AppDelegate.swift */; };
		39B658AA297055A800A86FCB /* SceneDelegate.swift in Sources */ = {isa = PBXBuildFile; fileRef = 39B658A9297055A800A86FCB /* SceneDelegate.swift */; };
		39B658AC297055A800A86FCB /* RMTabViewController.swift in Sources */ = {isa = PBXBuildFile; fileRef = 39B658AB297055A800A86FCB /* RMTabViewController.swift */; };
		39B658B1297055A900A86FCB /* Assets.xcassets in Resources */ = {isa = PBXBuildFile; fileRef = 39B658B0297055A900A86FCB /* Assets.xcassets */; };
		39B658B4297055A900A86FCB /* LaunchScreen.storyboard in Resources */ = {isa = PBXBuildFile; fileRef = 39B658B2297055A900A86FCB /* LaunchScreen.storyboard */; };
		39B658C32970746300A86FCB /* RMLocation.swift in Sources */ = {isa = PBXBuildFile; fileRef = 39B658C22970746300A86FCB /* RMLocation.swift */; };
		39B658C52970747200A86FCB /* RMCharacter.swift in Sources */ = {isa = PBXBuildFile; fileRef = 39B658C42970747200A86FCB /* RMCharacter.swift */; };
		39B658C72970747A00A86FCB /* RMEpisode.swift in Sources */ = {isa = PBXBuildFile; fileRef = 39B658C62970747A00A86FCB /* RMEpisode.swift */; };
		39B658CA297074E600A86FCB /* RMCharacterViewController.swift in Sources */ = {isa = PBXBuildFile; fileRef = 39B658C9297074E600A86FCB /* RMCharacterViewController.swift */; };
		39B658CC297074F100A86FCB /* RMLocationViewController.swift in Sources */ = {isa = PBXBuildFile; fileRef = 39B658CB297074F100A86FCB /* RMLocationViewController.swift */; };
		39B658CE297074F700A86FCB /* RMEpisodeViewController.swift in Sources */ = {isa = PBXBuildFile; fileRef = 39B658CD297074F700A86FCB /* RMEpisodeViewController.swift */; };
		39B658D0297074FF00A86FCB /* RMSettingsViewController.swift in Sources */ = {isa = PBXBuildFile; fileRef = 39B658CF297074FF00A86FCB /* RMSettingsViewController.swift */; };
		39B658D229716F3B00A86FCB /* RMService.swift in Sources */ = {isa = PBXBuildFile; fileRef = 39B658D129716F3B00A86FCB /* RMService.swift */; };
		39B658D429716F4C00A86FCB /* RMRequest.swift in Sources */ = {isa = PBXBuildFile; fileRef = 39B658D329716F4C00A86FCB /* RMRequest.swift */; };
		39B658D629716FE800A86FCB /* RMEndpoint.swift in Sources */ = {isa = PBXBuildFile; fileRef = 39B658D529716FE800A86FCB /* RMEndpoint.swift */; };
		39B658DA2971756E00A86FCB /* RMOrigin.swift in Sources */ = {isa = PBXBuildFile; fileRef = 39B658D92971756E00A86FCB /* RMOrigin.swift */; };
		39B658DC2971764800A86FCB /* RMSingleLocation.swift in Sources */ = {isa = PBXBuildFile; fileRef = 39B658DB2971764800A86FCB /* RMSingleLocation.swift */; };
		39B658DE2971770500A86FCB /* RMCharacterStatus.swift in Sources */ = {isa = PBXBuildFile; fileRef = 39B658DD2971770500A86FCB /* RMCharacterStatus.swift */; };
		39B658E02971784400A86FCB /* RMGender.swift in Sources */ = {isa = PBXBuildFile; fileRef = 39B658DF2971784400A86FCB /* RMGender.swift */; };
		39CD8150299D051E00FFFB44 /* RMEpisodeDetailViewController.swift in Sources */ = {isa = PBXBuildFile; fileRef = 39CD814F299D051E00FFFB44 /* RMEpisodeDetailViewController.swift */; };
		39CD8152299D08DD00FFFB44 /* RMAPICacheManager.swift in Sources */ = {isa = PBXBuildFile; fileRef = 39CD8151299D08DD00FFFB44 /* RMAPICacheManager.swift */; };
		39CD8155299D104100FFFB44 /* RMEpisodeDetailViewViewModel.swift in Sources */ = {isa = PBXBuildFile; fileRef = 39CD8154299D104100FFFB44 /* RMEpisodeDetailViewViewModel.swift */; };
		39CD8158299D10D600FFFB44 /* RMEpisodeDetailView.swift in Sources */ = {isa = PBXBuildFile; fileRef = 39CD8157299D10D600FFFB44 /* RMEpisodeDetailView.swift */; };
		39E52FE02975BC3900C7EE6D /* RMCharacterListViewViewModel.swift in Sources */ = {isa = PBXBuildFile; fileRef = 39E52FDF2975BC3900C7EE6D /* RMCharacterListViewViewModel.swift */; };
		39E52FE22975BD7900C7EE6D /* RMCharacterListView.swift in Sources */ = {isa = PBXBuildFile; fileRef = 39E52FE12975BD7900C7EE6D /* RMCharacterListView.swift */; };
		39E52FE62975CB6300C7EE6D /* RMConstants.swift in Sources */ = {isa = PBXBuildFile; fileRef = 39E52FE52975CB6300C7EE6D /* RMConstants.swift */; };
		39E52FE82975E3B600C7EE6D /* RMExtensions.swift in Sources */ = {isa = PBXBuildFile; fileRef = 39E52FE72975E3B600C7EE6D /* RMExtensions.swift */; };
/* End PBXBuildFile section */

/* Begin PBXFileReference section */
		390497B02974948300FD3D7A /* RMGetAllCharactersResponse.swift */ = {isa = PBXFileReference; lastKnownFileType = sourcecode.swift; path = RMGetAllCharactersResponse.swift; sourceTree = "<group>"; };
		390CC96B2996B5D500492350 /* RMCharacterDetailViewController.swift */ = {isa = PBXFileReference; lastKnownFileType = sourcecode.swift; path = RMCharacterDetailViewController.swift; sourceTree = "<group>"; };
		390CC96D2996B6C400492350 /* RMCharacterDetailView.swift */ = {isa = PBXFileReference; lastKnownFileType = sourcecode.swift; path = RMCharacterDetailView.swift; sourceTree = "<group>"; };
		390CC96F2996B6E500492350 /* RMCharacterDetailViewModel.swift */ = {isa = PBXFileReference; lastKnownFileType = sourcecode.swift; path = RMCharacterDetailViewModel.swift; sourceTree = "<group>"; };
		3914E4532996DBD900950846 /* RMFooterLoadingCollectionReusableView.swift */ = {isa = PBXFileReference; lastKnownFileType = sourcecode.swift; path = RMFooterLoadingCollectionReusableView.swift; sourceTree = "<group>"; };
		3914E4552997014200950846 /* RMImageLoader.swift */ = {isa = PBXFileReference; lastKnownFileType = sourcecode.swift; path = RMImageLoader.swift; sourceTree = "<group>"; };
		392CCA0529A2519C0036B7D9 /* RMSearchViewController.swift */ = {isa = PBXFileReference; lastKnownFileType = sourcecode.swift; path = RMSearchViewController.swift; sourceTree = "<group>"; };
		392CCA0729A294B20036B7D9 /* RMEpisodeInfoCollectionViewCell.swift */ = {isa = PBXFileReference; lastKnownFileType = sourcecode.swift; path = RMEpisodeInfoCollectionViewCell.swift; sourceTree = "<group>"; };
		392CCA0929A294DC0036B7D9 /* RMEpisodeInfoCollectionViewCellViewModel.swift */ = {isa = PBXFileReference; lastKnownFileType = sourcecode.swift; path = RMEpisodeInfoCollectionViewCellViewModel.swift; sourceTree = "<group>"; };
		393EFC5929A3E05300704661 /* RMCharacterMiniatureCollectionViewCell.swift */ = {isa = PBXFileReference; lastKnownFileType = sourcecode.swift; path = RMCharacterMiniatureCollectionViewCell.swift; sourceTree = "<group>"; };
		394898C2297D70C6004956F8 /* RMCharacterCollectionViewCell.swift */ = {isa = PBXFileReference; lastKnownFileType = sourcecode.swift; path = RMCharacterCollectionViewCell.swift; sourceTree = "<group>"; };
		394898C4297D7236004956F8 /* RMCharacterCollectionViewCellViewModel.swift */ = {isa = PBXFileReference; lastKnownFileType = sourcecode.swift; path = RMCharacterCollectionViewCellViewModel.swift; sourceTree = "<group>"; };
		398E21C829A0F25300E365C8 /* RMEpisodeListView.swift */ = {isa = PBXFileReference; lastKnownFileType = sourcecode.swift; path = RMEpisodeListView.swift; sourceTree = "<group>"; };
		398E21CB29A1013B00E365C8 /* RMEpisodeListViewViewModel.swift */ = {isa = PBXFileReference; lastKnownFileType = sourcecode.swift; path = RMEpisodeListViewViewModel.swift; sourceTree = "<group>"; };
		398E21CD29A1175C00E365C8 /* RMGetAllEpisodesResponse.swift */ = {isa = PBXFileReference; lastKnownFileType = sourcecode.swift; path = RMGetAllEpisodesResponse.swift; sourceTree = "<group>"; };
		399D2952299A77C8005F0158 /* RMCharacterPhotoCollectionViewCell.swift */ = {isa = PBXFileReference; lastKnownFileType = sourcecode.swift; path = RMCharacterPhotoCollectionViewCell.swift; sourceTree = "<group>"; };
		399D2954299A77D8005F0158 /* RMCharacterInfoCollectionViewCell.swift */ = {isa = PBXFileReference; lastKnownFileType = sourcecode.swift; path = RMCharacterInfoCollectionViewCell.swift; sourceTree = "<group>"; };
		399D2956299A77EC005F0158 /* RMCharacterEpisodeCollectionViewCell.swift */ = {isa = PBXFileReference; lastKnownFileType = sourcecode.swift; path = RMCharacterEpisodeCollectionViewCell.swift; sourceTree = "<group>"; };
		399D295A299A78A3005F0158 /* RMCharacterPhotoCollectionViewCellViewModel.swift */ = {isa = PBXFileReference; lastKnownFileType = sourcecode.swift; path = RMCharacterPhotoCollectionViewCellViewModel.swift; sourceTree = "<group>"; };
		399D295C299A78BA005F0158 /* RMCharacterInfoCollectionViewCellViewModel.swift */ = {isa = PBXFileReference; lastKnownFileType = sourcecode.swift; path = RMCharacterInfoCollectionViewCellViewModel.swift; sourceTree = "<group>"; };
		399D295E299A78C5005F0158 /* RMCharacterEpisodeCollectionViewCellViewModel.swift */ = {isa = PBXFileReference; lastKnownFileType = sourcecode.swift; path = RMCharacterEpisodeCollectionViewCellViewModel.swift; sourceTree = "<group>"; };
		39B1690529AE439D00214BDF /* RMSettingsViewViewModel.swift */ = {isa = PBXFileReference; lastKnownFileType = sourcecode.swift; path = RMSettingsViewViewModel.swift; sourceTree = "<group>"; };
		39B1690729AE440700214BDF /* RMSettingsCellViewModel.swift */ = {isa = PBXFileReference; lastKnownFileType = sourcecode.swift; path = RMSettingsCellViewModel.swift; sourceTree = "<group>"; };
		39B1690929AE44B800214BDF /* RMSettingsOption.swift */ = {isa = PBXFileReference; lastKnownFileType = sourcecode.swift; path = RMSettingsOption.swift; sourceTree = "<group>"; };
		39B1690C29AE542700214BDF /* RMSettingsView.swift */ = {isa = PBXFileReference; lastKnownFileType = sourcecode.swift; path = RMSettingsView.swift; sourceTree = "<group>"; };
		39B658A4297055A800A86FCB /* RickAndMorty.app */ = {isa = PBXFileReference; explicitFileType = wrapper.application; includeInIndex = 0; path = RickAndMorty.app; sourceTree = BUILT_PRODUCTS_DIR; };
		39B658A7297055A800A86FCB /* AppDelegate.swift */ = {isa = PBXFileReference; lastKnownFileType = sourcecode.swift; path = AppDelegate.swift; sourceTree = "<group>"; };
		39B658A9297055A800A86FCB /* SceneDelegate.swift */ = {isa = PBXFileReference; lastKnownFileType = sourcecode.swift; path = SceneDelegate.swift; sourceTree = "<group>"; };
		39B658AB297055A800A86FCB /* RMTabViewController.swift */ = {isa = PBXFileReference; lastKnownFileType = sourcecode.swift; path = RMTabViewController.swift; sourceTree = "<group>"; };
		39B658B0297055A900A86FCB /* Assets.xcassets */ = {isa = PBXFileReference; lastKnownFileType = folder.assetcatalog; path = Assets.xcassets; sourceTree = "<group>"; };
		39B658B3297055A900A86FCB /* Base */ = {isa = PBXFileReference; lastKnownFileType = file.storyboard; name = Base; path = Base.lproj/LaunchScreen.storyboard; sourceTree = "<group>"; };
		39B658B5297055A900A86FCB /* Info.plist */ = {isa = PBXFileReference; lastKnownFileType = text.plist.xml; path = Info.plist; sourceTree = "<group>"; };
		39B658C22970746300A86FCB /* RMLocation.swift */ = {isa = PBXFileReference; lastKnownFileType = sourcecode.swift; path = RMLocation.swift; sourceTree = "<group>"; };
		39B658C42970747200A86FCB /* RMCharacter.swift */ = {isa = PBXFileReference; lastKnownFileType = sourcecode.swift; path = RMCharacter.swift; sourceTree = "<group>"; };
		39B658C62970747A00A86FCB /* RMEpisode.swift */ = {isa = PBXFileReference; lastKnownFileType = sourcecode.swift; path = RMEpisode.swift; sourceTree = "<group>"; };
		39B658C9297074E600A86FCB /* RMCharacterViewController.swift */ = {isa = PBXFileReference; lastKnownFileType = sourcecode.swift; path = RMCharacterViewController.swift; sourceTree = "<group>"; };
		39B658CB297074F100A86FCB /* RMLocationViewController.swift */ = {isa = PBXFileReference; lastKnownFileType = sourcecode.swift; path = RMLocationViewController.swift; sourceTree = "<group>"; };
		39B658CD297074F700A86FCB /* RMEpisodeViewController.swift */ = {isa = PBXFileReference; lastKnownFileType = sourcecode.swift; path = RMEpisodeViewController.swift; sourceTree = "<group>"; };
		39B658CF297074FF00A86FCB /* RMSettingsViewController.swift */ = {isa = PBXFileReference; lastKnownFileType = sourcecode.swift; path = RMSettingsViewController.swift; sourceTree = "<group>"; };
		39B658D129716F3B00A86FCB /* RMService.swift */ = {isa = PBXFileReference; lastKnownFileType = sourcecode.swift; path = RMService.swift; sourceTree = "<group>"; };
		39B658D329716F4C00A86FCB /* RMRequest.swift */ = {isa = PBXFileReference; lastKnownFileType = sourcecode.swift; path = RMRequest.swift; sourceTree = "<group>"; };
		39B658D529716FE800A86FCB /* RMEndpoint.swift */ = {isa = PBXFileReference; lastKnownFileType = sourcecode.swift; path = RMEndpoint.swift; sourceTree = "<group>"; };
		39B658D92971756E00A86FCB /* RMOrigin.swift */ = {isa = PBXFileReference; lastKnownFileType = sourcecode.swift; path = RMOrigin.swift; sourceTree = "<group>"; };
		39B658DB2971764800A86FCB /* RMSingleLocation.swift */ = {isa = PBXFileReference; lastKnownFileType = sourcecode.swift; path = RMSingleLocation.swift; sourceTree = "<group>"; };
		39B658DD2971770500A86FCB /* RMCharacterStatus.swift */ = {isa = PBXFileReference; lastKnownFileType = sourcecode.swift; path = RMCharacterStatus.swift; sourceTree = "<group>"; };
		39B658DF2971784400A86FCB /* RMGender.swift */ = {isa = PBXFileReference; lastKnownFileType = sourcecode.swift; path = RMGender.swift; sourceTree = "<group>"; };
		39CD814F299D051E00FFFB44 /* RMEpisodeDetailViewController.swift */ = {isa = PBXFileReference; lastKnownFileType = sourcecode.swift; path = RMEpisodeDetailViewController.swift; sourceTree = "<group>"; };
		39CD8151299D08DD00FFFB44 /* RMAPICacheManager.swift */ = {isa = PBXFileReference; lastKnownFileType = sourcecode.swift; path = RMAPICacheManager.swift; sourceTree = "<group>"; };
		39CD8154299D104100FFFB44 /* RMEpisodeDetailViewViewModel.swift */ = {isa = PBXFileReference; lastKnownFileType = sourcecode.swift; path = RMEpisodeDetailViewViewModel.swift; sourceTree = "<group>"; };
		39CD8157299D10D600FFFB44 /* RMEpisodeDetailView.swift */ = {isa = PBXFileReference; lastKnownFileType = sourcecode.swift; path = RMEpisodeDetailView.swift; sourceTree = "<group>"; };
		39E52FDF2975BC3900C7EE6D /* RMCharacterListViewViewModel.swift */ = {isa = PBXFileReference; lastKnownFileType = sourcecode.swift; path = RMCharacterListViewViewModel.swift; sourceTree = "<group>"; };
		39E52FE12975BD7900C7EE6D /* RMCharacterListView.swift */ = {isa = PBXFileReference; lastKnownFileType = sourcecode.swift; path = RMCharacterListView.swift; sourceTree = "<group>"; };
		39E52FE52975CB6300C7EE6D /* RMConstants.swift */ = {isa = PBXFileReference; lastKnownFileType = sourcecode.swift; path = RMConstants.swift; sourceTree = "<group>"; };
		39E52FE72975E3B600C7EE6D /* RMExtensions.swift */ = {isa = PBXFileReference; lastKnownFileType = sourcecode.swift; path = RMExtensions.swift; sourceTree = "<group>"; };
/* End PBXFileReference section */

/* Begin PBXFrameworksBuildPhase section */
		39B658A1297055A800A86FCB /* Frameworks */ = {
			isa = PBXFrameworksBuildPhase;
			buildActionMask = 2147483647;
			files = (
			);
			runOnlyForDeploymentPostprocessing = 0;
		};
/* End PBXFrameworksBuildPhase section */

/* Begin PBXGroup section */
		390497AC2974942700FD3D7A /* DataTypes */ = {
			isa = PBXGroup;
			children = (
				39B658C22970746300A86FCB /* RMLocation.swift */,
				39B658C42970747200A86FCB /* RMCharacter.swift */,
				39B658C62970747A00A86FCB /* RMEpisode.swift */,
				39B658D92971756E00A86FCB /* RMOrigin.swift */,
				39B658DB2971764800A86FCB /* RMSingleLocation.swift */,
				39B658DD2971770500A86FCB /* RMCharacterStatus.swift */,
				39B658DF2971784400A86FCB /* RMGender.swift */,
			);
			path = DataTypes;
			sourceTree = "<group>";
		};
		390497AD2974943C00FD3D7A /* APIResponseTypes */ = {
			isa = PBXGroup;
			children = (
				390497B02974948300FD3D7A /* RMGetAllCharactersResponse.swift */,
				398E21CD29A1175C00E365C8 /* RMGetAllEpisodesResponse.swift */,
			);
			path = APIResponseTypes;
			sourceTree = "<group>";
		};
		390CC96A2996B5A800492350 /* Other */ = {
			isa = PBXGroup;
			children = (
				390CC96B2996B5D500492350 /* RMCharacterDetailViewController.swift */,
				39CD814F299D051E00FFFB44 /* RMEpisodeDetailViewController.swift */,
				392CCA0529A2519C0036B7D9 /* RMSearchViewController.swift */,
			);
			path = Other;
			sourceTree = "<group>";
		};
		398E21C729A0F23300E365C8 /* EpisodeV */ = {
			isa = PBXGroup;
			children = (
				398E21C829A0F25300E365C8 /* RMEpisodeListView.swift */,
			);
			path = EpisodeV;
			sourceTree = "<group>";
		};
		398E21CA29A1012100E365C8 /* EpisodeVM */ = {
			isa = PBXGroup;
			children = (
				398E21CB29A1013B00E365C8 /* RMEpisodeListViewViewModel.swift */,
			);
			path = EpisodeVM;
			sourceTree = "<group>";
		};
		399D2950299A774F005F0158 /* CharacterDetailsV */ = {
			isa = PBXGroup;
			children = (
				390CC96D2996B6C400492350 /* RMCharacterDetailView.swift */,
				399D2952299A77C8005F0158 /* RMCharacterPhotoCollectionViewCell.swift */,
				399D2954299A77D8005F0158 /* RMCharacterInfoCollectionViewCell.swift */,
				399D2956299A77EC005F0158 /* RMCharacterEpisodeCollectionViewCell.swift */,
			);
			path = CharacterDetailsV;
			sourceTree = "<group>";
		};
		399D2951299A778E005F0158 /* CharacterV */ = {
			isa = PBXGroup;
			children = (
				39E52FE12975BD7900C7EE6D /* RMCharacterListView.swift */,
				394898C2297D70C6004956F8 /* RMCharacterCollectionViewCell.swift */,
				393EFC5929A3E05300704661 /* RMCharacterMiniatureCollectionViewCell.swift */,
				3914E4532996DBD900950846 /* RMFooterLoadingCollectionReusableView.swift */,
			);
			path = CharacterV;
			sourceTree = "<group>";
		};
		399D2958299A7810005F0158 /* CharacterDetailsVM */ = {
			isa = PBXGroup;
			children = (
				390CC96F2996B6E500492350 /* RMCharacterDetailViewModel.swift */,
				399D295A299A78A3005F0158 /* RMCharacterPhotoCollectionViewCellViewModel.swift */,
				399D295C299A78BA005F0158 /* RMCharacterInfoCollectionViewCellViewModel.swift */,
				399D295E299A78C5005F0158 /* RMCharacterEpisodeCollectionViewCellViewModel.swift */,
			);
			path = CharacterDetailsVM;
			sourceTree = "<group>";
		};
		399D2959299A785F005F0158 /* CharacterVM */ = {
			isa = PBXGroup;
			children = (
				39E52FDF2975BC3900C7EE6D /* RMCharacterListViewViewModel.swift */,
				394898C4297D7236004956F8 /* RMCharacterCollectionViewCellViewModel.swift */,
			);
			path = CharacterVM;
			sourceTree = "<group>";
		};
		39B1690429AE437D00214BDF /* Settings */ = {
			isa = PBXGroup;
			children = (
				39B1690529AE439D00214BDF /* RMSettingsViewViewModel.swift */,
				39B1690729AE440700214BDF /* RMSettingsCellViewModel.swift */,
				39B1690929AE44B800214BDF /* RMSettingsOption.swift */,
			);
			path = Settings;
			sourceTree = "<group>";
		};
		39B1690B29AE540100214BDF /* SwiftUI */ = {
			isa = PBXGroup;
			children = (
				39B1690C29AE542700214BDF /* RMSettingsView.swift */,
			);
			path = SwiftUI;
			sourceTree = "<group>";
		};
		39B6589B297055A800A86FCB = {
			isa = PBXGroup;
			children = (
				39B658A6297055A800A86FCB /* RickAndMorty */,
				39B658A5297055A800A86FCB /* Products */,
			);
			sourceTree = "<group>";
		};
		39B658A5297055A800A86FCB /* Products */ = {
			isa = PBXGroup;
			children = (
				39B658A4297055A800A86FCB /* RickAndMorty.app */,
			);
			name = Products;
			sourceTree = "<group>";
		};
		39B658A6297055A800A86FCB /* RickAndMorty */ = {
			isa = PBXGroup;
			children = (
				39B658C1297073C900A86FCB /* Rescources */,
				39B658C0297073BE00A86FCB /* APIClient */,
				39B658BF297073B200A86FCB /* Managers */,
				39B658BE297073A600A86FCB /* ViewModels */,
				39B658BD2970739700A86FCB /* Views */,
				39B658BC2970738E00A86FCB /* Models */,
				39B658BB2970737C00A86FCB /* Controllers */,
				39B658B5297055A900A86FCB /* Info.plist */,
			);
			path = RickAndMorty;
			sourceTree = "<group>";
		};
		39B658BB2970737C00A86FCB /* Controllers */ = {
			isa = PBXGroup;
			children = (
				39B658C8297074C700A86FCB /* Core */,
				390CC96A2996B5A800492350 /* Other */,
			);
			path = Controllers;
			sourceTree = "<group>";
		};
		39B658BC2970738E00A86FCB /* Models */ = {
			isa = PBXGroup;
			children = (
				390497AD2974943C00FD3D7A /* APIResponseTypes */,
				390497AC2974942700FD3D7A /* DataTypes */,
			);
			path = Models;
			sourceTree = "<group>";
		};
		39B658BD2970739700A86FCB /* Views */ = {
			isa = PBXGroup;
			children = (
				39B1690B29AE540100214BDF /* SwiftUI */,
				398E21C729A0F23300E365C8 /* EpisodeV */,
				399D2951299A778E005F0158 /* CharacterV */,
				399D2950299A774F005F0158 /* CharacterDetailsV */,
				39CD8156299D10B100FFFB44 /* EpisodeDetailsV */,
			);
			path = Views;
			sourceTree = "<group>";
		};
		39B658BE297073A600A86FCB /* ViewModels */ = {
			isa = PBXGroup;
			children = (
				39B1690429AE437D00214BDF /* Settings */,
				398E21CA29A1012100E365C8 /* EpisodeVM */,
				399D2959299A785F005F0158 /* CharacterVM */,
				399D2958299A7810005F0158 /* CharacterDetailsVM */,
				39CD8153299D101A00FFFB44 /* EpisodeDetailsVM */,
			);
			path = ViewModels;
			sourceTree = "<group>";
		};
		39B658BF297073B200A86FCB /* Managers */ = {
			isa = PBXGroup;
			children = (
				3914E4552997014200950846 /* RMImageLoader.swift */,
				39CD8151299D08DD00FFFB44 /* RMAPICacheManager.swift */,
			);
			path = Managers;
			sourceTree = "<group>";
		};
		39B658C0297073BE00A86FCB /* APIClient */ = {
			isa = PBXGroup;
			children = (
				39B658D129716F3B00A86FCB /* RMService.swift */,
				39B658D329716F4C00A86FCB /* RMRequest.swift */,
				39B658D529716FE800A86FCB /* RMEndpoint.swift */,
			);
			path = APIClient;
			sourceTree = "<group>";
		};
		39B658C1297073C900A86FCB /* Rescources */ = {
			isa = PBXGroup;
			children = (
				39B658A7297055A800A86FCB /* AppDelegate.swift */,
				39B658A9297055A800A86FCB /* SceneDelegate.swift */,
				39B658B0297055A900A86FCB /* Assets.xcassets */,
				39B658B2297055A900A86FCB /* LaunchScreen.storyboard */,
				39E52FE52975CB6300C7EE6D /* RMConstants.swift */,
				39E52FE72975E3B600C7EE6D /* RMExtensions.swift */,
			);
			path = Rescources;
			sourceTree = "<group>";
		};
		39B658C8297074C700A86FCB /* Core */ = {
			isa = PBXGroup;
			children = (
				39B658AB297055A800A86FCB /* RMTabViewController.swift */,
				39B658C9297074E600A86FCB /* RMCharacterViewController.swift */,
				39B658CB297074F100A86FCB /* RMLocationViewController.swift */,
				39B658CD297074F700A86FCB /* RMEpisodeViewController.swift */,
				39B658CF297074FF00A86FCB /* RMSettingsViewController.swift */,
			);
			path = Core;
			sourceTree = "<group>";
		};
		39CD8153299D101A00FFFB44 /* EpisodeDetailsVM */ = {
			isa = PBXGroup;
			children = (
				39CD8154299D104100FFFB44 /* RMEpisodeDetailViewViewModel.swift */,
				392CCA0929A294DC0036B7D9 /* RMEpisodeInfoCollectionViewCellViewModel.swift */,
			);
			path = EpisodeDetailsVM;
			sourceTree = "<group>";
		};
		39CD8156299D10B100FFFB44 /* EpisodeDetailsV */ = {
			isa = PBXGroup;
			children = (
				39CD8157299D10D600FFFB44 /* RMEpisodeDetailView.swift */,
				392CCA0729A294B20036B7D9 /* RMEpisodeInfoCollectionViewCell.swift */,
			);
			path = EpisodeDetailsV;
			sourceTree = "<group>";
		};
/* End PBXGroup section */

/* Begin PBXNativeTarget section */
		39B658A3297055A800A86FCB /* RickAndMorty */ = {
			isa = PBXNativeTarget;
			buildConfigurationList = 39B658B8297055A900A86FCB /* Build configuration list for PBXNativeTarget "RickAndMorty" */;
			buildPhases = (
				39B658A0297055A800A86FCB /* Sources */,
				39B658A1297055A800A86FCB /* Frameworks */,
				39B658A2297055A800A86FCB /* Resources */,
			);
			buildRules = (
			);
			dependencies = (
			);
			name = RickAndMorty;
			productName = RickAndMorty;
			productReference = 39B658A4297055A800A86FCB /* RickAndMorty.app */;
			productType = "com.apple.product-type.application";
		};
/* End PBXNativeTarget section */

/* Begin PBXProject section */
		39B6589C297055A800A86FCB /* Project object */ = {
			isa = PBXProject;
			attributes = {
				BuildIndependentTargetsInParallel = 1;
				LastSwiftUpdateCheck = 1420;
				LastUpgradeCheck = 1420;
				TargetAttributes = {
					39B658A3297055A800A86FCB = {
						CreatedOnToolsVersion = 14.2;
					};
				};
			};
			buildConfigurationList = 39B6589F297055A800A86FCB /* Build configuration list for PBXProject "RickAndMorty" */;
			compatibilityVersion = "Xcode 14.0";
			developmentRegion = en;
			hasScannedForEncodings = 0;
			knownRegions = (
				en,
				Base,
			);
			mainGroup = 39B6589B297055A800A86FCB;
			productRefGroup = 39B658A5297055A800A86FCB /* Products */;
			projectDirPath = "";
			projectRoot = "";
			targets = (
				39B658A3297055A800A86FCB /* RickAndMorty */,
			);
		};
/* End PBXProject section */

/* Begin PBXResourcesBuildPhase section */
		39B658A2297055A800A86FCB /* Resources */ = {
			isa = PBXResourcesBuildPhase;
			buildActionMask = 2147483647;
			files = (
				39B658B4297055A900A86FCB /* LaunchScreen.storyboard in Resources */,
				39B658B1297055A900A86FCB /* Assets.xcassets in Resources */,
			);
			runOnlyForDeploymentPostprocessing = 0;
		};
/* End PBXResourcesBuildPhase section */

/* Begin PBXSourcesBuildPhase section */
		39B658A0297055A800A86FCB /* Sources */ = {
			isa = PBXSourcesBuildPhase;
			buildActionMask = 2147483647;
			files = (
				39B1690D29AE542700214BDF /* RMSettingsView.swift in Sources */,
				39E52FE62975CB6300C7EE6D /* RMConstants.swift in Sources */,
				39CD8158299D10D600FFFB44 /* RMEpisodeDetailView.swift in Sources */,
				399D2957299A77EC005F0158 /* RMCharacterEpisodeCollectionViewCell.swift in Sources */,
				39B658DA2971756E00A86FCB /* RMOrigin.swift in Sources */,
				398E21CC29A1013B00E365C8 /* RMEpisodeListViewViewModel.swift in Sources */,
				39B658DC2971764800A86FCB /* RMSingleLocation.swift in Sources */,
				390CC9702996B6E500492350 /* RMCharacterDetailViewModel.swift in Sources */,
				390497B12974948300FD3D7A /* RMGetAllCharactersResponse.swift in Sources */,
				39B658DE2971770500A86FCB /* RMCharacterStatus.swift in Sources */,
				39B658CC297074F100A86FCB /* RMLocationViewController.swift in Sources */,
				399D295D299A78BA005F0158 /* RMCharacterInfoCollectionViewCellViewModel.swift in Sources */,
				39CD8155299D104100FFFB44 /* RMEpisodeDetailViewViewModel.swift in Sources */,
				39B658C72970747A00A86FCB /* RMEpisode.swift in Sources */,
				39B658AC297055A800A86FCB /* RMTabViewController.swift in Sources */,
				393EFC5A29A3E05300704661 /* RMCharacterMiniatureCollectionViewCell.swift in Sources */,
				39E52FE82975E3B600C7EE6D /* RMExtensions.swift in Sources */,
				392CCA0829A294B20036B7D9 /* RMEpisodeInfoCollectionViewCell.swift in Sources */,
				39B658CE297074F700A86FCB /* RMEpisodeViewController.swift in Sources */,
				39B1690A29AE44B800214BDF /* RMSettingsOption.swift in Sources */,
				39B658A8297055A800A86FCB /* AppDelegate.swift in Sources */,
				399D2955299A77D8005F0158 /* RMCharacterInfoCollectionViewCell.swift in Sources */,
				390CC96C2996B5D500492350 /* RMCharacterDetailViewController.swift in Sources */,
				39CD8150299D051E00FFFB44 /* RMEpisodeDetailViewController.swift in Sources */,
				39E52FE02975BC3900C7EE6D /* RMCharacterListViewViewModel.swift in Sources */,
				399D2953299A77C8005F0158 /* RMCharacterPhotoCollectionViewCell.swift in Sources */,
				39B658AA297055A800A86FCB /* SceneDelegate.swift in Sources */,
				39B1690629AE439D00214BDF /* RMSettingsViewViewModel.swift in Sources */,
				39B658D0297074FF00A86FCB /* RMSettingsViewController.swift in Sources */,
				39B658E02971784400A86FCB /* RMGender.swift in Sources */,
				39B658D229716F3B00A86FCB /* RMService.swift in Sources */,
				398E21C929A0F25300E365C8 /* RMEpisodeListView.swift in Sources */,
				39B658C32970746300A86FCB /* RMLocation.swift in Sources */,
				390CC96E2996B6C400492350 /* RMCharacterDetailView.swift in Sources */,
				39E52FE22975BD7900C7EE6D /* RMCharacterListView.swift in Sources */,
				392CCA0629A2519C0036B7D9 /* RMSearchViewController.swift in Sources */,
				398E21CE29A1175C00E365C8 /* RMGetAllEpisodesResponse.swift in Sources */,
				399D295F299A78C5005F0158 /* RMCharacterEpisodeCollectionViewCellViewModel.swift in Sources */,
				39B1690829AE440700214BDF /* RMSettingsCellViewModel.swift in Sources */,
				39B658D629716FE800A86FCB /* RMEndpoint.swift in Sources */,
				39CD8152299D08DD00FFFB44 /* RMAPICacheManager.swift in Sources */,
				394898C3297D70C6004956F8 /* RMCharacterCollectionViewCell.swift in Sources */,
				39B658C52970747200A86FCB /* RMCharacter.swift in Sources */,
				399D295B299A78A3005F0158 /* RMCharacterPhotoCollectionViewCellViewModel.swift in Sources */,
				392CCA0A29A294DC0036B7D9 /* RMEpisodeInfoCollectionViewCellViewModel.swift in Sources */,
				3914E4562997014200950846 /* RMImageLoader.swift in Sources */,
				3914E4542996DBD900950846 /* RMFooterLoadingCollectionReusableView.swift in Sources */,
				39B658D429716F4C00A86FCB /* RMRequest.swift in Sources */,
				394898C5297D7236004956F8 /* RMCharacterCollectionViewCellViewModel.swift in Sources */,
				39B658CA297074E600A86FCB /* RMCharacterViewController.swift in Sources */,
			);
			runOnlyForDeploymentPostprocessing = 0;
		};
/* End PBXSourcesBuildPhase section */

/* Begin PBXVariantGroup section */
		39B658B2297055A900A86FCB /* LaunchScreen.storyboard */ = {
			isa = PBXVariantGroup;
			children = (
				39B658B3297055A900A86FCB /* Base */,
			);
			name = LaunchScreen.storyboard;
			sourceTree = "<group>";
		};
/* End PBXVariantGroup section */

/* Begin XCBuildConfiguration section */
		39B658B6297055A900A86FCB /* Debug */ = {
			isa = XCBuildConfiguration;
			buildSettings = {
				ALWAYS_SEARCH_USER_PATHS = NO;
				CLANG_ANALYZER_NONNULL = YES;
				CLANG_ANALYZER_NUMBER_OBJECT_CONVERSION = YES_AGGRESSIVE;
				CLANG_CXX_LANGUAGE_STANDARD = "gnu++20";
				CLANG_ENABLE_MODULES = YES;
				CLANG_ENABLE_OBJC_ARC = YES;
				CLANG_ENABLE_OBJC_WEAK = YES;
				CLANG_WARN_BLOCK_CAPTURE_AUTORELEASING = YES;
				CLANG_WARN_BOOL_CONVERSION = YES;
				CLANG_WARN_COMMA = YES;
				CLANG_WARN_CONSTANT_CONVERSION = YES;
				CLANG_WARN_DEPRECATED_OBJC_IMPLEMENTATIONS = YES;
				CLANG_WARN_DIRECT_OBJC_ISA_USAGE = YES_ERROR;
				CLANG_WARN_DOCUMENTATION_COMMENTS = YES;
				CLANG_WARN_EMPTY_BODY = YES;
				CLANG_WARN_ENUM_CONVERSION = YES;
				CLANG_WARN_INFINITE_RECURSION = YES;
				CLANG_WARN_INT_CONVERSION = YES;
				CLANG_WARN_NON_LITERAL_NULL_CONVERSION = YES;
				CLANG_WARN_OBJC_IMPLICIT_RETAIN_SELF = YES;
				CLANG_WARN_OBJC_LITERAL_CONVERSION = YES;
				CLANG_WARN_OBJC_ROOT_CLASS = YES_ERROR;
				CLANG_WARN_QUOTED_INCLUDE_IN_FRAMEWORK_HEADER = YES;
				CLANG_WARN_RANGE_LOOP_ANALYSIS = YES;
				CLANG_WARN_STRICT_PROTOTYPES = YES;
				CLANG_WARN_SUSPICIOUS_MOVE = YES;
				CLANG_WARN_UNGUARDED_AVAILABILITY = YES_AGGRESSIVE;
				CLANG_WARN_UNREACHABLE_CODE = YES;
				CLANG_WARN__DUPLICATE_METHOD_MATCH = YES;
				COPY_PHASE_STRIP = NO;
				DEBUG_INFORMATION_FORMAT = dwarf;
				ENABLE_STRICT_OBJC_MSGSEND = YES;
				ENABLE_TESTABILITY = YES;
				GCC_C_LANGUAGE_STANDARD = gnu11;
				GCC_DYNAMIC_NO_PIC = NO;
				GCC_NO_COMMON_BLOCKS = YES;
				GCC_OPTIMIZATION_LEVEL = 0;
				GCC_PREPROCESSOR_DEFINITIONS = (
					"DEBUG=1",
					"$(inherited)",
				);
				GCC_WARN_64_TO_32_BIT_CONVERSION = YES;
				GCC_WARN_ABOUT_RETURN_TYPE = YES_ERROR;
				GCC_WARN_UNDECLARED_SELECTOR = YES;
				GCC_WARN_UNINITIALIZED_AUTOS = YES_AGGRESSIVE;
				GCC_WARN_UNUSED_FUNCTION = YES;
				GCC_WARN_UNUSED_VARIABLE = YES;
				IPHONEOS_DEPLOYMENT_TARGET = 16.2;
				MTL_ENABLE_DEBUG_INFO = INCLUDE_SOURCE;
				MTL_FAST_MATH = YES;
				ONLY_ACTIVE_ARCH = YES;
				SDKROOT = iphoneos;
				SWIFT_ACTIVE_COMPILATION_CONDITIONS = DEBUG;
				SWIFT_OPTIMIZATION_LEVEL = "-Onone";
			};
			name = Debug;
		};
		39B658B7297055A900A86FCB /* Release */ = {
			isa = XCBuildConfiguration;
			buildSettings = {
				ALWAYS_SEARCH_USER_PATHS = NO;
				CLANG_ANALYZER_NONNULL = YES;
				CLANG_ANALYZER_NUMBER_OBJECT_CONVERSION = YES_AGGRESSIVE;
				CLANG_CXX_LANGUAGE_STANDARD = "gnu++20";
				CLANG_ENABLE_MODULES = YES;
				CLANG_ENABLE_OBJC_ARC = YES;
				CLANG_ENABLE_OBJC_WEAK = YES;
				CLANG_WARN_BLOCK_CAPTURE_AUTORELEASING = YES;
				CLANG_WARN_BOOL_CONVERSION = YES;
				CLANG_WARN_COMMA = YES;
				CLANG_WARN_CONSTANT_CONVERSION = YES;
				CLANG_WARN_DEPRECATED_OBJC_IMPLEMENTATIONS = YES;
				CLANG_WARN_DIRECT_OBJC_ISA_USAGE = YES_ERROR;
				CLANG_WARN_DOCUMENTATION_COMMENTS = YES;
				CLANG_WARN_EMPTY_BODY = YES;
				CLANG_WARN_ENUM_CONVERSION = YES;
				CLANG_WARN_INFINITE_RECURSION = YES;
				CLANG_WARN_INT_CONVERSION = YES;
				CLANG_WARN_NON_LITERAL_NULL_CONVERSION = YES;
				CLANG_WARN_OBJC_IMPLICIT_RETAIN_SELF = YES;
				CLANG_WARN_OBJC_LITERAL_CONVERSION = YES;
				CLANG_WARN_OBJC_ROOT_CLASS = YES_ERROR;
				CLANG_WARN_QUOTED_INCLUDE_IN_FRAMEWORK_HEADER = YES;
				CLANG_WARN_RANGE_LOOP_ANALYSIS = YES;
				CLANG_WARN_STRICT_PROTOTYPES = YES;
				CLANG_WARN_SUSPICIOUS_MOVE = YES;
				CLANG_WARN_UNGUARDED_AVAILABILITY = YES_AGGRESSIVE;
				CLANG_WARN_UNREACHABLE_CODE = YES;
				CLANG_WARN__DUPLICATE_METHOD_MATCH = YES;
				COPY_PHASE_STRIP = NO;
				DEBUG_INFORMATION_FORMAT = "dwarf-with-dsym";
				ENABLE_NS_ASSERTIONS = NO;
				ENABLE_STRICT_OBJC_MSGSEND = YES;
				GCC_C_LANGUAGE_STANDARD = gnu11;
				GCC_NO_COMMON_BLOCKS = YES;
				GCC_WARN_64_TO_32_BIT_CONVERSION = YES;
				GCC_WARN_ABOUT_RETURN_TYPE = YES_ERROR;
				GCC_WARN_UNDECLARED_SELECTOR = YES;
				GCC_WARN_UNINITIALIZED_AUTOS = YES_AGGRESSIVE;
				GCC_WARN_UNUSED_FUNCTION = YES;
				GCC_WARN_UNUSED_VARIABLE = YES;
				IPHONEOS_DEPLOYMENT_TARGET = 16.2;
				MTL_ENABLE_DEBUG_INFO = NO;
				MTL_FAST_MATH = YES;
				SDKROOT = iphoneos;
				SWIFT_COMPILATION_MODE = wholemodule;
				SWIFT_OPTIMIZATION_LEVEL = "-O";
				VALIDATE_PRODUCT = YES;
			};
			name = Release;
		};
		39B658B9297055A900A86FCB /* Debug */ = {
			isa = XCBuildConfiguration;
			buildSettings = {
				ASSETCATALOG_COMPILER_APPICON_NAME = AppIcon;
				ASSETCATALOG_COMPILER_GLOBAL_ACCENT_COLOR_NAME = AccentColor;
				CODE_SIGN_STYLE = Automatic;
				CURRENT_PROJECT_VERSION = 1;
				DEVELOPMENT_TEAM = L25LXZY6LR;
				GENERATE_INFOPLIST_FILE = YES;
				INFOPLIST_FILE = RickAndMorty/Info.plist;
				INFOPLIST_KEY_CFBundleDisplayName = "Rick & Morty";
				INFOPLIST_KEY_LSApplicationCategoryType = "public.app-category.entertainment";
				INFOPLIST_KEY_UIApplicationSupportsIndirectInputEvents = YES;
				INFOPLIST_KEY_UILaunchStoryboardName = LaunchScreen;
				INFOPLIST_KEY_UISupportedInterfaceOrientations_iPad = "UIInterfaceOrientationPortrait UIInterfaceOrientationPortraitUpsideDown UIInterfaceOrientationLandscapeLeft UIInterfaceOrientationLandscapeRight";
				INFOPLIST_KEY_UISupportedInterfaceOrientations_iPhone = "UIInterfaceOrientationPortrait UIInterfaceOrientationLandscapeLeft UIInterfaceOrientationLandscapeRight";
				LD_RUNPATH_SEARCH_PATHS = (
					"$(inherited)",
					"@executable_path/Frameworks",
				);
				MARKETING_VERSION = 1.0;
				PRODUCT_BUNDLE_IDENTIFIER = com.danielkarath.RickAndMorty;
				PRODUCT_NAME = "$(TARGET_NAME)";
				SWIFT_EMIT_LOC_STRINGS = YES;
				SWIFT_VERSION = 5.0;
				TARGETED_DEVICE_FAMILY = "1,2";
			};
			name = Debug;
		};
		39B658BA297055A900A86FCB /* Release */ = {
			isa = XCBuildConfiguration;
			buildSettings = {
				ASSETCATALOG_COMPILER_APPICON_NAME = AppIcon;
				ASSETCATALOG_COMPILER_GLOBAL_ACCENT_COLOR_NAME = AccentColor;
				CODE_SIGN_STYLE = Automatic;
				CURRENT_PROJECT_VERSION = 1;
				DEVELOPMENT_TEAM = L25LXZY6LR;
				GENERATE_INFOPLIST_FILE = YES;
				INFOPLIST_FILE = RickAndMorty/Info.plist;
				INFOPLIST_KEY_CFBundleDisplayName = "Rick & Morty";
				INFOPLIST_KEY_LSApplicationCategoryType = "public.app-category.entertainment";
				INFOPLIST_KEY_UIApplicationSupportsIndirectInputEvents = YES;
				INFOPLIST_KEY_UILaunchStoryboardName = LaunchScreen;
				INFOPLIST_KEY_UISupportedInterfaceOrientations_iPad = "UIInterfaceOrientationPortrait UIInterfaceOrientationPortraitUpsideDown UIInterfaceOrientationLandscapeLeft UIInterfaceOrientationLandscapeRight";
				INFOPLIST_KEY_UISupportedInterfaceOrientations_iPhone = "UIInterfaceOrientationPortrait UIInterfaceOrientationLandscapeLeft UIInterfaceOrientationLandscapeRight";
				LD_RUNPATH_SEARCH_PATHS = (
					"$(inherited)",
					"@executable_path/Frameworks",
				);
				MARKETING_VERSION = 1.0;
				PRODUCT_BUNDLE_IDENTIFIER = com.danielkarath.RickAndMorty;
				PRODUCT_NAME = "$(TARGET_NAME)";
				SWIFT_EMIT_LOC_STRINGS = YES;
				SWIFT_VERSION = 5.0;
				TARGETED_DEVICE_FAMILY = "1,2";
			};
			name = Release;
		};
/* End XCBuildConfiguration section */

/* Begin XCConfigurationList section */
		39B6589F297055A800A86FCB /* Build configuration list for PBXProject "RickAndMorty" */ = {
			isa = XCConfigurationList;
			buildConfigurations = (
				39B658B6297055A900A86FCB /* Debug */,
				39B658B7297055A900A86FCB /* Release */,
			);
			defaultConfigurationIsVisible = 0;
			defaultConfigurationName = Release;
		};
		39B658B8297055A900A86FCB /* Build configuration list for PBXNativeTarget "RickAndMorty" */ = {
			isa = XCConfigurationList;
			buildConfigurations = (
				39B658B9297055A900A86FCB /* Debug */,
				39B658BA297055A900A86FCB /* Release */,
			);
			defaultConfigurationIsVisible = 0;
			defaultConfigurationName = Release;
		};
/* End XCConfigurationList section */
	};
	rootObject = 39B6589C297055A800A86FCB /* Project object */;
}
